// !$*UTF8*$!
{
	archiveVersion = 1;
	classes = {
	};
	objectVersion = 48;
	objects = {

/* Begin PBXBuildFile section */
		12DBE6602058E90400B9A5ED /* AppDelegate.swift in Sources */ = {isa = PBXBuildFile; fileRef = 12DBE65F2058E90400B9A5ED /* AppDelegate.swift */; };
		12DBE6622058E90400B9A5ED /* ViewController.swift in Sources */ = {isa = PBXBuildFile; fileRef = 12DBE6612058E90400B9A5ED /* ViewController.swift */; };
		12DBE6652058E90400B9A5ED /* Main.storyboard in Resources */ = {isa = PBXBuildFile; fileRef = 12DBE6632058E90400B9A5ED /* Main.storyboard */; };
		12DBE6682058E90400B9A5ED /* iOSSwiftNCoreData.xcdatamodeld in Sources */ = {isa = PBXBuildFile; fileRef = 12DBE6662058E90400B9A5ED /* iOSSwiftNCoreData.xcdatamodeld */; };
		12DBE66A2058E90400B9A5ED /* Assets.xcassets in Resources */ = {isa = PBXBuildFile; fileRef = 12DBE6692058E90400B9A5ED /* Assets.xcassets */; };
		12DBE66D2058E90400B9A5ED /* LaunchScreen.storyboard in Resources */ = {isa = PBXBuildFile; fileRef = 12DBE66B2058E90400B9A5ED /* LaunchScreen.storyboard */; };
		12DBE6752058F45A00B9A5ED /* CoreDataDB.swift in Sources */ = {isa = PBXBuildFile; fileRef = 12DBE6742058F45A00B9A5ED /* CoreDataDB.swift */; };
		12DBE6772058F68E00B9A5ED /* Vehicle.swift in Sources */ = {isa = PBXBuildFile; fileRef = 12DBE6762058F68E00B9A5ED /* Vehicle.swift */; };
		12DBE67920590FC900B9A5ED /* VehiclesTableViewCell.swift in Sources */ = {isa = PBXBuildFile; fileRef = 12DBE67820590FC900B9A5ED /* VehiclesTableViewCell.swift */; };
/* End PBXBuildFile section */

/* Begin PBXFileReference section */
		12DBE65C2058E90300B9A5ED /* iOSSwiftNCoreData.app */ = {isa = PBXFileReference; explicitFileType = wrapper.application; includeInIndex = 0; path = iOSSwiftNCoreData.app; sourceTree = BUILT_PRODUCTS_DIR; };
		12DBE65F2058E90400B9A5ED /* AppDelegate.swift */ = {isa = PBXFileReference; lastKnownFileType = sourcecode.swift; path = AppDelegate.swift; sourceTree = "<group>"; };
		12DBE6612058E90400B9A5ED /* ViewController.swift */ = {isa = PBXFileReference; lastKnownFileType = sourcecode.swift; path = ViewController.swift; sourceTree = "<group>"; };
		12DBE6642058E90400B9A5ED /* Base */ = {isa = PBXFileReference; lastKnownFileType = file.storyboard; name = Base; path = Base.lproj/Main.storyboard; sourceTree = "<group>"; };
		12DBE6672058E90400B9A5ED /* iOSSwiftNCoreData.xcdatamodel */ = {isa = PBXFileReference; lastKnownFileType = wrapper.xcdatamodel; path = iOSSwiftNCoreData.xcdatamodel; sourceTree = "<group>"; };
		12DBE6692058E90400B9A5ED /* Assets.xcassets */ = {isa = PBXFileReference; lastKnownFileType = folder.assetcatalog; path = Assets.xcassets; sourceTree = "<group>"; };
		12DBE66C2058E90400B9A5ED /* Base */ = {isa = PBXFileReference; lastKnownFileType = file.storyboard; name = Base; path = Base.lproj/LaunchScreen.storyboard; sourceTree = "<group>"; };
		12DBE66E2058E90400B9A5ED /* Info.plist */ = {isa = PBXFileReference; lastKnownFileType = text.plist.xml; path = Info.plist; sourceTree = "<group>"; };
		12DBE6742058F45A00B9A5ED /* CoreDataDB.swift */ = {isa = PBXFileReference; lastKnownFileType = sourcecode.swift; path = CoreDataDB.swift; sourceTree = "<group>"; };
		12DBE6762058F68E00B9A5ED /* Vehicle.swift */ = {isa = PBXFileReference; lastKnownFileType = sourcecode.swift; path = Vehicle.swift; sourceTree = "<group>"; };
		12DBE67820590FC900B9A5ED /* VehiclesTableViewCell.swift */ = {isa = PBXFileReference; lastKnownFileType = sourcecode.swift; path = VehiclesTableViewCell.swift; sourceTree = "<group>"; };
/* End PBXFileReference section */

/* Begin PBXFrameworksBuildPhase section */
		12DBE6592058E90300B9A5ED /* Frameworks */ = {
			isa = PBXFrameworksBuildPhase;
			buildActionMask = 2147483647;
			files = (
			);
			runOnlyForDeploymentPostprocessing = 0;
		};
/* End PBXFrameworksBuildPhase section */

/* Begin PBXGroup section */
		12DBE6532058E90300B9A5ED = {
			isa = PBXGroup;
			children = (
				12DBE65E2058E90300B9A5ED /* iOSSwiftNCoreData */,
				12DBE65D2058E90300B9A5ED /* Products */,
			);
			sourceTree = "<group>";
		};
		12DBE65D2058E90300B9A5ED /* Products */ = {
			isa = PBXGroup;
			children = (
				12DBE65C2058E90300B9A5ED /* iOSSwiftNCoreData.app */,
			);
			name = Products;
			sourceTree = "<group>";
		};
		12DBE65E2058E90300B9A5ED /* iOSSwiftNCoreData */ = {
			isa = PBXGroup;
			children = (
				12DBE65F2058E90400B9A5ED /* AppDelegate.swift */,
				12DBE6612058E90400B9A5ED /* ViewController.swift */,
				12DBE6742058F45A00B9A5ED /* CoreDataDB.swift */,
				12DBE6632058E90400B9A5ED /* Main.storyboard */,
				12DBE6692058E90400B9A5ED /* Assets.xcassets */,
				12DBE66B2058E90400B9A5ED /* LaunchScreen.storyboard */,
				12DBE66E2058E90400B9A5ED /* Info.plist */,
				12DBE6662058E90400B9A5ED /* iOSSwiftNCoreData.xcdatamodeld */,
				12DBE6762058F68E00B9A5ED /* Vehicle.swift */,
				12DBE67820590FC900B9A5ED /* VehiclesTableViewCell.swift */,
			);
			path = iOSSwiftNCoreData;
			sourceTree = "<group>";
		};
/* End PBXGroup section */

/* Begin PBXNativeTarget section */
		12DBE65B2058E90300B9A5ED /* iOSSwiftNCoreData */ = {
			isa = PBXNativeTarget;
			buildConfigurationList = 12DBE6712058E90400B9A5ED /* Build configuration list for PBXNativeTarget "iOSSwiftNCoreData" */;
			buildPhases = (
				12DBE6582058E90300B9A5ED /* Sources */,
				12DBE6592058E90300B9A5ED /* Frameworks */,
				12DBE65A2058E90300B9A5ED /* Resources */,
			);
			buildRules = (
			);
			dependencies = (
			);
			name = iOSSwiftNCoreData;
			productName = iOSSwiftNCoreData;
			productReference = 12DBE65C2058E90300B9A5ED /* iOSSwiftNCoreData.app */;
			productType = "com.apple.product-type.application";
		};
/* End PBXNativeTarget section */

/* Begin PBXProject section */
		12DBE6542058E90300B9A5ED /* Project object */ = {
			isa = PBXProject;
			attributes = {
				LastSwiftUpdateCheck = 0920;
				LastUpgradeCheck = 0920;
				ORGANIZATIONNAME = iPramodSinghRawat;
				TargetAttributes = {
					12DBE65B2058E90300B9A5ED = {
						CreatedOnToolsVersion = 9.2;
						ProvisioningStyle = Automatic;
					};
				};
			};
			buildConfigurationList = 12DBE6572058E90300B9A5ED /* Build configuration list for PBXProject "iOSSwiftNCoreData" */;
			compatibilityVersion = "Xcode 8.0";
			developmentRegion = en;
			hasScannedForEncodings = 0;
			knownRegions = (
				en,
				Base,
			);
			mainGroup = 12DBE6532058E90300B9A5ED;
			productRefGroup = 12DBE65D2058E90300B9A5ED /* Products */;
			projectDirPath = "";
			projectRoot = "";
			targets = (
				12DBE65B2058E90300B9A5ED /* iOSSwiftNCoreData */,
			);
		};
/* End PBXProject section */

/* Begin PBXResourcesBuildPhase section */
		12DBE65A2058E90300B9A5ED /* Resources */ = {
			isa = PBXResourcesBuildPhase;
			buildActionMask = 2147483647;
			files = (
				12DBE66D2058E90400B9A5ED /* LaunchScreen.storyboard in Resources */,
				12DBE66A2058E90400B9A5ED /* Assets.xcassets in Resources */,
				12DBE6652058E90400B9A5ED /* Main.storyboard in Resources */,
			);
			runOnlyForDeploymentPostprocessing = 0;
		};
/* End PBXResourcesBuildPhase section */

/* Begin PBXSourcesBuildPhase section */
		12DBE6582058E90300B9A5ED /* Sources */ = {
			isa = PBXSourcesBuildPhase;
			buildActionMask = 2147483647;
			files = (
				12DBE6752058F45A00B9A5ED /* CoreDataDB.swift in Sources */,
				12DBE6622058E90400B9A5ED /* ViewController.swift in Sources */,
				12DBE6682058E90400B9A5ED /* iOSSwiftNCoreData.xcdatamodeld in Sources */,
				12DBE6772058F68E00B9A5ED /* Vehicle.swift in Sources */,
				12DBE67920590FC900B9A5ED /* VehiclesTableViewCell.swift in Sources */,
				12DBE6602058E90400B9A5ED /* AppDelegate.swift in Sources */,
			);
			runOnlyForDeploymentPostprocessing = 0;
		};
/* End PBXSourcesBuildPhase section */

/* Begin PBXVariantGroup section */
		12DBE6632058E90400B9A5ED /* Main.storyboard */ = {
			isa = PBXVariantGroup;
			children = (
				12DBE6642058E90400B9A5ED /* Base */,
			);
			name = Main.storyboard;
			sourceTree = "<group>";
		};
		12DBE66B2058E90400B9A5ED /* LaunchScreen.storyboard */ = {
			isa = PBXVariantGroup;
			children = (
				12DBE66C2058E90400B9A5ED /* Base */,
			);
			name = LaunchScreen.storyboard;
			sourceTree = "<group>";
		};
/* End PBXVariantGroup section */

/* Begin XCBuildConfiguration section */
		12DBE66F2058E90400B9A5ED /* Debug */ = {
			isa = XCBuildConfiguration;
			buildSettings = {
				ALWAYS_SEARCH_USER_PATHS = NO;
				CLANG_ANALYZER_NONNULL = YES;
				CLANG_ANALYZER_NUMBER_OBJECT_CONVERSION = YES_AGGRESSIVE;
				CLANG_CXX_LANGUAGE_STANDARD = "gnu++14";
				CLANG_CXX_LIBRARY = "libc++";
				CLANG_ENABLE_MODULES = YES;
				CLANG_ENABLE_OBJC_ARC = YES;
				CLANG_WARN_BLOCK_CAPTURE_AUTORELEASING = YES;
				CLANG_WARN_BOOL_CONVERSION = YES;
				CLANG_WARN_COMMA = YES;
				CLANG_WARN_CONSTANT_CONVERSION = YES;
				CLANG_WARN_DIRECT_OBJC_ISA_USAGE = YES_ERROR;
				CLANG_WARN_DOCUMENTATION_COMMENTS = YES;
				CLANG_WARN_EMPTY_BODY = YES;
				CLANG_WARN_ENUM_CONVERSION = YES;
				CLANG_WARN_INFINITE_RECURSION = YES;
				CLANG_WARN_INT_CONVERSION = YES;
				CLANG_WARN_NON_LITERAL_NULL_CONVERSION = YES;
				CLANG_WARN_OBJC_LITERAL_CONVERSION = YES;
				CLANG_WARN_OBJC_ROOT_CLASS = YES_ERROR;
				CLANG_WARN_RANGE_LOOP_ANALYSIS = YES;
				CLANG_WARN_STRICT_PROTOTYPES = YES;
				CLANG_WARN_SUSPICIOUS_MOVE = YES;
				CLANG_WARN_UNGUARDED_AVAILABILITY = YES_AGGRESSIVE;
				CLANG_WARN_UNREACHABLE_CODE = YES;
				CLANG_WARN__DUPLICATE_METHOD_MATCH = YES;
				CODE_SIGN_IDENTITY = "iPhone Developer";
				COPY_PHASE_STRIP = NO;
				DEBUG_INFORMATION_FORMAT = dwarf;
				ENABLE_STRICT_OBJC_MSGSEND = YES;
				ENABLE_TESTABILITY = YES;
				GCC_C_LANGUAGE_STANDARD = gnu11;
				GCC_DYNAMIC_NO_PIC = NO;
				GCC_NO_COMMON_BLOCKS = YES;
				GCC_OPTIMIZATION_LEVEL = 0;
				GCC_PREPROCESSOR_DEFINITIONS = (
					"DEBUG=1",
					"$(inherited)",
				);
				GCC_WARN_64_TO_32_BIT_CONVERSION = YES;
				GCC_WARN_ABOUT_RETURN_TYPE = YES_ERROR;
				GCC_WARN_UNDECLARED_SELECTOR = YES;
				GCC_WARN_UNINITIALIZED_AUTOS = YES_AGGRESSIVE;
				GCC_WARN_UNUSED_FUNCTION = YES;
				GCC_WARN_UNUSED_VARIABLE = YES;
				IPHONEOS_DEPLOYMENT_TARGET = 11.2;
				MTL_ENABLE_DEBUG_INFO = YES;
				ONLY_ACTIVE_ARCH = YES;
				SDKROOT = iphoneos;
				SWIFT_ACTIVE_COMPILATION_CONDITIONS = DEBUG;
				SWIFT_OPTIMIZATION_LEVEL = "-Onone";
			};
			name = Debug;
		};
		12DBE6702058E90400B9A5ED /* Release */ = {
			isa = XCBuildConfiguration;
			buildSettings = {
				ALWAYS_SEARCH_USER_PATHS = NO;
				CLANG_ANALYZER_NONNULL = YES;
				CLANG_ANALYZER_NUMBER_OBJECT_CONVERSION = YES_AGGRESSIVE;
				CLANG_CXX_LANGUAGE_STANDARD = "gnu++14";
				CLANG_CXX_LIBRARY = "libc++";
				CLANG_ENABLE_MODULES = YES;
				CLANG_ENABLE_OBJC_ARC = YES;
				CLANG_WARN_BLOCK_CAPTURE_AUTORELEASING = YES;
				CLANG_WARN_BOOL_CONVERSION = YES;
				CLANG_WARN_COMMA = YES;
				CLANG_WARN_CONSTANT_CONVERSION = YES;
				CLANG_WARN_DIRECT_OBJC_ISA_USAGE = YES_ERROR;
				CLANG_WARN_DOCUMENTATION_COMMENTS = YES;
				CLANG_WARN_EMPTY_BODY = YES;
				CLANG_WARN_ENUM_CONVERSION = YES;
				CLANG_WARN_INFINITE_RECURSION = YES;
				CLANG_WARN_INT_CONVERSION = YES;
				CLANG_WARN_NON_LITERAL_NULL_CONVERSION = YES;
				CLANG_WARN_OBJC_LITERAL_CONVERSION = YES;
				CLANG_WARN_OBJC_ROOT_CLASS = YES_ERROR;
				CLANG_WARN_RANGE_LOOP_ANALYSIS = YES;
				CLANG_WARN_STRICT_PROTOTYPES = YES;
				CLANG_WARN_SUSPICIOUS_MOVE = YES;
				CLANG_WARN_UNGUARDED_AVAILABILITY = YES_AGGRESSIVE;
				CLANG_WARN_UNREACHABLE_CODE = YES;
				CLANG_WARN__DUPLICATE_METHOD_MATCH = YES;
				CODE_SIGN_IDENTITY = "iPhone Developer";
				COPY_PHASE_STRIP = NO;
				DEBUG_INFORMATION_FORMAT = "dwarf-with-dsym";
				ENABLE_NS_ASSERTIONS = NO;
				ENABLE_STRICT_OBJC_MSGSEND = YES;
				GCC_C_LANGUAGE_STANDARD = gnu11;
				GCC_NO_COMMON_BLOCKS = YES;
				GCC_WARN_64_TO_32_BIT_CONVERSION = YES;
				GCC_WARN_ABOUT_RETURN_TYPE = YES_ERROR;
				GCC_WARN_UNDECLARED_SELECTOR = YES;
				GCC_WARN_UNINITIALIZED_AUTOS = YES_AGGRESSIVE;
				GCC_WARN_UNUSED_FUNCTION = YES;
				GCC_WARN_UNUSED_VARIABLE = YES;
				IPHONEOS_DEPLOYMENT_TARGET = 11.2;
				MTL_ENABLE_DEBUG_INFO = NO;
				SDKROOT = iphoneos;
				SWIFT_OPTIMIZATION_LEVEL = "-Owholemodule";
				VALIDATE_PRODUCT = YES;
			};
			name = Release;
		};
		12DBE6722058E90400B9A5ED /* Debug */ = {
			isa = XCBuildConfiguration;
			buildSettings = {
				ASSETCATALOG_COMPILER_APPICON_NAME = AppIcon;
				CODE_SIGN_STYLE = Automatic;
				DEVELOPMENT_TEAM = 67574QBU4Z;
				INFOPLIST_FILE = iOSSwiftNCoreData/Info.plist;
				IPHONEOS_DEPLOYMENT_TARGET = 10.0;
				LD_RUNPATH_SEARCH_PATHS = "$(inherited) @executable_path/Frameworks";
				PRODUCT_BUNDLE_IDENTIFIER = iPramodSinghRawat.IT.iOSSwiftNCoreData;
				PRODUCT_NAME = "$(TARGET_NAME)";
				SWIFT_VERSION = 4.0;
				TARGETED_DEVICE_FAMILY = "1,2";
			};
			name = Debug;
		};
		12DBE6732058E90400B9A5ED /* Release */ = {
			isa = XCBuildConfiguration;
			buildSettings = {
				ASSETCATALOG_COMPILER_APPICON_NAME = AppIcon;
				CODE_SIGN_STYLE = Automatic;
				DEVELOPMENT_TEAM = 67574QBU4Z;
				INFOPLIST_FILE = iOSSwiftNCoreData/Info.plist;
				IPHONEOS_DEPLOYMENT_TARGET = 10.0;
				LD_RUNPATH_SEARCH_PATHS = "$(inherited) @executable_path/Frameworks";
				PRODUCT_BUNDLE_IDENTIFIER = iPramodSinghRawat.IT.iOSSwiftNCoreData;
				PRODUCT_NAME = "$(TARGET_NAME)";
				SWIFT_VERSION = 4.0;
				TARGETED_DEVICE_FAMILY = "1,2";
			};
			name = Release;
		};
/* End XCBuildConfiguration section */

/* Begin XCConfigurationList section */
		12DBE6572058E90300B9A5ED /* Build configuration list for PBXProject "iOSSwiftNCoreData" */ = {
			isa = XCConfigurationList;
			buildConfigurations = (
				12DBE66F2058E90400B9A5ED /* Debug */,
				12DBE6702058E90400B9A5ED /* Release */,
			);
			defaultConfigurationIsVisible = 0;
			defaultConfigurationName = Release;
		};
		12DBE6712058E90400B9A5ED /* Build configuration list for PBXNativeTarget "iOSSwiftNCoreData" */ = {
			isa = XCConfigurationList;
			buildConfigurations = (
				12DBE6722058E90400B9A5ED /* Debug */,
				12DBE6732058E90400B9A5ED /* Release */,
			);
			defaultConfigurationIsVisible = 0;
			defaultConfigurationName = Release;
		};
/* End XCConfigurationList section */

/* Begin XCVersionGroup section */
		12DBE6662058E90400B9A5ED /* iOSSwiftNCoreData.xcdatamodeld */ = {
			isa = XCVersionGroup;
			children = (
				12DBE6672058E90400B9A5ED /* iOSSwiftNCoreData.xcdatamodel */,
			);
			currentVersion = 12DBE6672058E90400B9A5ED /* iOSSwiftNCoreData.xcdatamodel */;
			path = iOSSwiftNCoreData.xcdatamodeld;
			sourceTree = "<group>";
			versionGroupType = wrapper.xcdatamodel;
		};
/* End XCVersionGroup section */
	};
	rootObject = 12DBE6542058E90300B9A5ED /* Project object */;
}
